
Microsoft Visual Studio Solution File, Format Version 12.00
Project("{FAE04EC0-301F-11D3-BF4B-00C04F79EFBC}") = "TodoApp", "TodoApp\TodoApp.csproj", "{2B63F1C6-FA0F-4E4E-B3C6-52A9CE9BF5CA}"
EndProject
Project("{FAE04EC0-301F-11D3-BF4B-00C04F79EFBC}") = "TodoApp.Unit.Tests", "TodoApp.Unit.Tests\TodoApp.Unit.Tests.csproj", "{84BA8DEC-1E91-4FA5-9708-66D1FE07BBFE}"
EndProject
Project("{FAE04EC0-301F-11D3-BF4B-00C04F79EFBC}") = "TodoApp.Integration.Tests", "TodoApp.Integration.Tests\TodoApp.Integration.Tests.csproj", "{D797D4FC-CFD5-4606-BAEF-396AA252B28B}"
EndProject
Global
	GlobalSection(SolutionConfigurationPlatforms) = preSolution
		Debug|Any CPU = Debug|Any CPU
		Release|Any CPU = Release|Any CPU
	EndGlobalSection
	GlobalSection(ProjectConfigurationPlatforms) = postSolution
		{2B63F1C6-FA0F-4E4E-B3C6-52A9CE9BF5CA}.Debug|Any CPU.ActiveCfg = Debug|Any CPU
		{2B63F1C6-FA0F-4E4E-B3C6-52A9CE9BF5CA}.Debug|Any CPU.Build.0 = Debug|Any CPU
		{2B63F1C6-FA0F-4E4E-B3C6-52A9CE9BF5CA}.Release|Any CPU.ActiveCfg = Release|Any CPU
		{2B63F1C6-FA0F-4E4E-B3C6-52A9CE9BF5CA}.Release|Any CPU.Build.0 = Release|Any CPU
		{84BA8DEC-1E91-4FA5-9708-66D1FE07BBFE}.Debug|Any CPU.ActiveCfg = Debug|Any CPU
		{84BA8DEC-1E91-4FA5-9708-66D1FE07BBFE}.Debug|Any CPU.Build.0 = Debug|Any CPU
		{84BA8DEC-1E91-4FA5-9708-66D1FE07BBFE}.Release|Any CPU.ActiveCfg = Release|Any CPU
		{84BA8DEC-1E91-4FA5-9708-66D1FE07BBFE}.Release|Any CPU.Build.0 = Release|Any CPU
		{D797D4FC-CFD5-4606-BAEF-396AA252B28B}.Debug|Any CPU.ActiveCfg = Debug|Any CPU
		{D797D4FC-CFD5-4606-BAEF-396AA252B28B}.Debug|Any CPU.Build.0 = Debug|Any CPU
		{D797D4FC-CFD5-4606-BAEF-396AA252B28B}.Release|Any CPU.ActiveCfg = Release|Any CPU
		{D797D4FC-CFD5-4606-BAEF-396AA252B28B}.Release|Any CPU.Build.0 = Release|Any CPU
	EndGlobalSection
EndGlobal
